
Microsoft Visual Studio Solution File, Format Version 12.00
# Visual Studio Version 17
VisualStudioVersion = 17.4.33110.190
MinimumVisualStudioVersion = 10.0.40219.1
Project("{2150E333-8FDC-42A3-9474-1A3956D46DE8}") = "src", "src", "{A6477F9B-141B-4201-8A7E-6AFB1ECA0406}"
EndProject
Project("{2150E333-8FDC-42A3-9474-1A3956D46DE8}") = "core", "core", "{8CEB50D6-62AF-4612-A933-6E216AA41D03}"
EndProject
Project("{2150E333-8FDC-42A3-9474-1A3956D46DE8}") = "tests", "tests", "{C0AA54AB-C79C-41AB-BE36-C87594D0D859}"
EndProject
Project("{2150E333-8FDC-42A3-9474-1A3956D46DE8}") = "external", "external", "{D335BB7F-332D-4760-828D-66DC9B63A086}"
EndProject
Project("{2150E333-8FDC-42A3-9474-1A3956D46DE8}") = "web", "web", "{710BF272-DB46-4E4E-96CB-95837C832AFB}"
EndProject
Project("{9A19103F-16F7-4668-BE54-9A1E7A4F7556}") = "Application", "Application\Application.csproj", "{F94AB46C-980A-4E22-B209-FEF6F4441DC0}"
EndProject
Project("{9A19103F-16F7-4668-BE54-9A1E7A4F7556}") = "Persistence", "Persistence\Persistence.csproj", "{F56CA119-9AAE-48C5-A232-452F529640F9}"
EndProject
Project("{9A19103F-16F7-4668-BE54-9A1E7A4F7556}") = "Domain", "Domain\Domain.csproj", "{58CBD275-BE34-4D4B-82AC-A9E0DAA3E719}"
EndProject
Project("{FAE04EC0-301F-11D3-BF4B-00C04F79EFBC}") = "Api", "Api\Api.csproj", "{8D162F71-FB24-4628-ADE8-869EB65044F0}"
EndProject
Project("{FAE04EC0-301F-11D3-BF4B-00C04F79EFBC}") = "Infrastructure", "Infrastructure\Infrastructure.csproj", "{E781F8F1-97F8-4C22-8F30-5C71D4BE2B0C}"
EndProject
Project("{FAE04EC0-301F-11D3-BF4B-00C04F79EFBC}") = "Application.UnitTests", "Application.UnitTests\Application.UnitTests.csproj", "{1CF6388D-6709-4F39-A47B-C916C83459B0}"
EndProject
Global
	GlobalSection(SolutionConfigurationPlatforms) = preSolution
		Debug|Any CPU = Debug|Any CPU
		Release|Any CPU = Release|Any CPU
	EndGlobalSection
	GlobalSection(ProjectConfigurationPlatforms) = postSolution
		{F94AB46C-980A-4E22-B209-FEF6F4441DC0}.Debug|Any CPU.ActiveCfg = Debug|Any CPU
		{F94AB46C-980A-4E22-B209-FEF6F4441DC0}.Debug|Any CPU.Build.0 = Debug|Any CPU
		{F94AB46C-980A-4E22-B209-FEF6F4441DC0}.Release|Any CPU.ActiveCfg = Release|Any CPU
		{F94AB46C-980A-4E22-B209-FEF6F4441DC0}.Release|Any CPU.Build.0 = Release|Any CPU
		{F56CA119-9AAE-48C5-A232-452F529640F9}.Debug|Any CPU.ActiveCfg = Debug|Any CPU
		{F56CA119-9AAE-48C5-A232-452F529640F9}.Debug|Any CPU.Build.0 = Debug|Any CPU
		{F56CA119-9AAE-48C5-A232-452F529640F9}.Release|Any CPU.ActiveCfg = Release|Any CPU
		{F56CA119-9AAE-48C5-A232-452F529640F9}.Release|Any CPU.Build.0 = Release|Any CPU
		{58CBD275-BE34-4D4B-82AC-A9E0DAA3E719}.Debug|Any CPU.ActiveCfg = Debug|Any CPU
		{58CBD275-BE34-4D4B-82AC-A9E0DAA3E719}.Debug|Any CPU.Build.0 = Debug|Any CPU
		{58CBD275-BE34-4D4B-82AC-A9E0DAA3E719}.Release|Any CPU.ActiveCfg = Release|Any CPU
		{58CBD275-BE34-4D4B-82AC-A9E0DAA3E719}.Release|Any CPU.Build.0 = Release|Any CPU
		{8D162F71-FB24-4628-ADE8-869EB65044F0}.Debug|Any CPU.ActiveCfg = Debug|Any CPU
		{8D162F71-FB24-4628-ADE8-869EB65044F0}.Debug|Any CPU.Build.0 = Debug|Any CPU
		{8D162F71-FB24-4628-ADE8-869EB65044F0}.Release|Any CPU.ActiveCfg = Release|Any CPU
		{8D162F71-FB24-4628-ADE8-869EB65044F0}.Release|Any CPU.Build.0 = Release|Any CPU
		{E781F8F1-97F8-4C22-8F30-5C71D4BE2B0C}.Debug|Any CPU.ActiveCfg = Debug|Any CPU
		{E781F8F1-97F8-4C22-8F30-5C71D4BE2B0C}.Debug|Any CPU.Build.0 = Debug|Any CPU
		{E781F8F1-97F8-4C22-8F30-5C71D4BE2B0C}.Release|Any CPU.ActiveCfg = Release|Any CPU
		{E781F8F1-97F8-4C22-8F30-5C71D4BE2B0C}.Release|Any CPU.Build.0 = Release|Any CPU
		{1CF6388D-6709-4F39-A47B-C916C83459B0}.Debug|Any CPU.ActiveCfg = Debug|Any CPU
		{1CF6388D-6709-4F39-A47B-C916C83459B0}.Debug|Any CPU.Build.0 = Debug|Any CPU
		{1CF6388D-6709-4F39-A47B-C916C83459B0}.Release|Any CPU.ActiveCfg = Release|Any CPU
		{1CF6388D-6709-4F39-A47B-C916C83459B0}.Release|Any CPU.Build.0 = Release|Any CPU
	EndGlobalSection
	GlobalSection(SolutionProperties) = preSolution
		HideSolutionNode = FALSE
	EndGlobalSection
	GlobalSection(NestedProjects) = preSolution
		{8CEB50D6-62AF-4612-A933-6E216AA41D03} = {A6477F9B-141B-4201-8A7E-6AFB1ECA0406}
		{D335BB7F-332D-4760-828D-66DC9B63A086} = {A6477F9B-141B-4201-8A7E-6AFB1ECA0406}
		{710BF272-DB46-4E4E-96CB-95837C832AFB} = {A6477F9B-141B-4201-8A7E-6AFB1ECA0406}
		{F94AB46C-980A-4E22-B209-FEF6F4441DC0} = {8CEB50D6-62AF-4612-A933-6E216AA41D03}
		{F56CA119-9AAE-48C5-A232-452F529640F9} = {D335BB7F-332D-4760-828D-66DC9B63A086}
		{58CBD275-BE34-4D4B-82AC-A9E0DAA3E719} = {8CEB50D6-62AF-4612-A933-6E216AA41D03}
		{8D162F71-FB24-4628-ADE8-869EB65044F0} = {710BF272-DB46-4E4E-96CB-95837C832AFB}
		{E781F8F1-97F8-4C22-8F30-5C71D4BE2B0C} = {D335BB7F-332D-4760-828D-66DC9B63A086}
		{1CF6388D-6709-4F39-A47B-C916C83459B0} = {C0AA54AB-C79C-41AB-BE36-C87594D0D859}
	EndGlobalSection
	GlobalSection(ExtensibilityGlobals) = postSolution
		SolutionGuid = {5EB29DA1-6FD3-4977-AA94-7A7F399CA9D9}
	EndGlobalSection
EndGlobal
